
Microsoft Visual Studio Solution File, Format Version 12.00
# Visual Studio Version 17
VisualStudioVersion = 17.2.32519.379
MinimumVisualStudioVersion = 10.0.40219.1
Project("{FAE04EC0-301F-11D3-BF4B-00C04F79EFBC}") = "netCoreWebApi", "netCoreWebApi\netCoreWebApi.csproj", "{F27AB4AA-295B-4CB1-85CC-7E3FF9AB8888}"
EndProject
Global
	GlobalSection(SolutionConfigurationPlatforms) = preSolution
		Debug|Any CPU = Debug|Any CPU
		Release|Any CPU = Release|Any CPU
	EndGlobalSection
	GlobalSection(ProjectConfigurationPlatforms) = postSolution
		{F27AB4AA-295B-4CB1-85CC-7E3FF9AB8888}.Debug|Any CPU.ActiveCfg = Debug|Any CPU
		{F27AB4AA-295B-4CB1-85CC-7E3FF9AB8888}.Debug|Any CPU.Build.0 = Debug|Any CPU
		{F27AB4AA-295B-4CB1-85CC-7E3FF9AB8888}.Release|Any CPU.ActiveCfg = Release|Any CPU
		{F27AB4AA-295B-4CB1-85CC-7E3FF9AB8888}.Release|Any CPU.Build.0 = Release|Any CPU
	EndGlobalSection
	GlobalSection(SolutionProperties) = preSolution
		HideSolutionNode = FALSE
	EndGlobalSection
	GlobalSection(ExtensibilityGlobals) = postSolution
		SolutionGuid = {ECFCAB0F-44CD-4853-9F28-2B41C4192D0D}
	EndGlobalSection
EndGlobal
